
Microsoft Visual Studio Solution File, Format Version 12.00
Project("{FAE04EC0-301F-11D3-BF4B-00C04F79EFBC}") = "Stock_Watcher", "Stock_Watcher\Stock_Watcher.csproj", "{8C33EBEC-498E-4346-ACD1-BBE110A963DB}"
EndProject
Global
	GlobalSection(SolutionConfigurationPlatforms) = preSolution
		Debug|Any CPU = Debug|Any CPU
		Release|Any CPU = Release|Any CPU
	EndGlobalSection
	GlobalSection(ProjectConfigurationPlatforms) = postSolution
		{8C33EBEC-498E-4346-ACD1-BBE110A963DB}.Debug|Any CPU.ActiveCfg = Debug|Any CPU
		{8C33EBEC-498E-4346-ACD1-BBE110A963DB}.Debug|Any CPU.Build.0 = Debug|Any CPU
		{8C33EBEC-498E-4346-ACD1-BBE110A963DB}.Release|Any CPU.ActiveCfg = Release|Any CPU
		{8C33EBEC-498E-4346-ACD1-BBE110A963DB}.Release|Any CPU.Build.0 = Release|Any CPU
	EndGlobalSection
EndGlobal
